# THIS IS AN AUTOGENERATED FILE. DO NOT EDIT THIS FILE DIRECTLY.
# yarn lockfile v1


nativescript-theme-core@~1.0.4:
  version "1.0.4"
  resolved "https://registry.yarnpkg.com/nativescript-theme-core/-/nativescript-theme-core-1.0.4.tgz#cf2880c7fbf2fe5f43e2235d309750790803efe1"
  integrity sha1-zyiAx/vy/l9D4iNdMJdQeQgD7+E=

tns-core-modules-widgets@4.2.1:
  version "4.2.1"
  resolved "https://registry.yarnpkg.com/tns-core-modules-widgets/-/tns-core-modules-widgets-4.2.1.tgz#bb57bf7342d1a0a01b6ccef47980ded19efc932e"
  integrity sha512-ncy7D1oxuuX78sZL+MImxEZBYOUnxma7ZIkAsGRdyPjb7a/A/MoaIXmDLK+Ib2xw4Ul2qlCD1nvF56Q1Dy1m4Q==

tns-core-modules@~4.2.0:
  version "4.2.1"
  resolved "https://registry.yarnpkg.com/tns-core-modules/-/tns-core-modules-4.2.1.tgz#e358ffd4660d048b35c8e1e485fbc1df9ca94f06"
  integrity sha512-UH38lmVrdEJatc8l2q0p7WxWRhv6dXvkwY67cenSRl0FC4z7W/dih3fSlKp4yM9Uo0vu2RFsKRa9+UHyZR1YQA==
  dependencies:
    tns-core-modules-widgets "4.2.1"
